<Solution>
  <Project Path="LibraryManagement.API/LibraryManagement.API.csproj" />
  <Project Path="LibraryManagement.Application/LibraryManagement.Application.csproj" />
  <Project Path="LibraryManagement.Domain/LibraryManagement.Domain.csproj" />
  <Project Path="LibraryManagement.Infrastructure/LibraryManagement.Infrastructure.csproj" />
</Solution>
